# THIS IS AN AUTOGENERATED FILE. DO NOT EDIT THIS FILE DIRECTLY.
# yarn lockfile v1


"@playwright/test@^1.55.0":
  version "1.55.0"
  resolved "https://registry.yarnpkg.com/@playwright/test/-/test-1.55.0.tgz#080fa6d9ee6d749ff523b1c18259572d0268b963"
  integrity sha512-04IXzPwHrW69XusN/SIdDdKZBzMfOT9UNT/YiJit/xpy2VuAoB8NHc8Aplb96zsWDddLnbkPL3TsmrS04ZU2xQ==
  dependencies:
    playwright "1.55.0"

"@types/node@^24.3.0":
  version "24.3.0"
  resolved "https://registry.yarnpkg.com/@types/node/-/node-24.3.0.tgz#89b09f45cb9a8ee69466f18ee5864e4c3eb84dec"
  integrity sha512-aPTXCrfwnDLj4VvXrm+UUCQjNEvJgNA8s5F1cvwQU+3KNltTOkBm1j30uNLyqqPNe7gE3KFzImYoZEfLhp4Yow==
  dependencies:
    undici-types "~7.10.0"

allure-commandline@^2.38.1:
  version "2.38.1"
  resolved "https://registry.yarnpkg.com/allure-commandline/-/allure-commandline-2.38.1.tgz#472962e641b9351dfd01e4be3047df4bb1655a7e"
  integrity sha512-qkoEz8/Y+K6XRlkJFmPEsT4bJFa2nHmYMkp6aEg6HaM4uewpJRI0jJsQhVWl8xZ6k6VtVr3vWnsAMPL5LPthvA==

allure-js-commons@3.7.1:
  version "3.7.1"
  resolved "https://registry.yarnpkg.com/allure-js-commons/-/allure-js-commons-3.7.1.tgz#9462af1b90f7fcca149d3477394acf5c05b1ac4c"
  integrity sha512-S8tFymEzgWpp3ITGFu01z2+6KYdiNZC3sX8FbJaNgLoLWBHDBNQ0lq4lTQgkVjV6IN4TIUrnYfa2YuytWpv8WA==
  dependencies:
    md5 "^2.3.0"

allure-playwright@^3.7.1:
  version "3.7.1"
  resolved "https://registry.yarnpkg.com/allure-playwright/-/allure-playwright-3.7.1.tgz#4e1f669e5c51724d647aa369845bff27baf6c26b"
  integrity sha512-uEuVz/VJWWEWvMV9iwsxSXJ3Y1RejNG8CUM13HyvMiQDfLI8xHCx7JWNSfGrBVIWVfo6+jsySpZ4Clu1EKXgYw==
  dependencies:
    allure-js-commons "3.7.1"

charenc@0.0.2:
  version "0.0.2"
  resolved "https://registry.yarnpkg.com/charenc/-/charenc-0.0.2.tgz#c0a1d2f3a7092e03774bfa83f14c0fc5790a8667"
  integrity sha512-yrLQ/yVUFXkzg7EDQsPieE/53+0RlaWTs+wBrvW36cyilJ2SaDWfl4Yj7MtLTXleV9uEKefbAGUPv2/iWSooRA==

crypt@0.0.2:
  version "0.0.2"
  resolved "https://registry.yarnpkg.com/crypt/-/crypt-0.0.2.tgz#88d7ff7ec0dfb86f713dc87bbb42d044d3e6c41b"
  integrity sha512-mCxBlsHFYh9C+HVpiEacem8FEBnMXgU9gy4zmNC+SXAZNB/1idgp/aulFJ4FgCi7GPEVbfyng092GqL2k2rmow==

fsevents@2.3.2:
  version "2.3.2"
  resolved "https://registry.yarnpkg.com/fsevents/-/fsevents-2.3.2.tgz#8a526f78b8fdf4623b709e0b975c52c24c02fd1a"
  integrity sha512-xiqMQR4xAeHTuB9uWm+fFRcIOgKBMiOBP+eXiyT7jsgVCq1bkVygt00oASowB7EdtpOHaaPgKt812P9ab+DDKA==

is-buffer@~1.1.6:
  version "1.1.6"
  resolved "https://registry.yarnpkg.com/is-buffer/-/is-buffer-1.1.6.tgz#efaa2ea9daa0d7ab2ea13a97b2b8ad51fefbe8be"
  integrity sha512-NcdALwpXkTm5Zvvbk7owOUSvVvBKDgKP5/ewfXEznmQFfs4ZRmanOeKBTjRVjka3QFoN6XJ+9F3USqfHqTaU5w==

md5@^2.3.0:
  version "2.3.0"
  resolved "https://registry.yarnpkg.com/md5/-/md5-2.3.0.tgz#c3da9a6aae3a30b46b7b0c349b87b110dc3bda4f"
  integrity sha512-T1GITYmFaKuO91vxyoQMFETst+O71VUPEU3ze5GNzDm0OWdP8v1ziTaAEPUr/3kLsY3Sftgz242A1SetQiDL7g==
  dependencies:
    charenc "0.0.2"
    crypt "0.0.2"
    is-buffer "~1.1.6"

playwright-core@1.55.0:
  version "1.55.0"
  resolved "https://registry.yarnpkg.com/playwright-core/-/playwright-core-1.55.0.tgz#ec8a9f8ef118afb3e86e0f46f1393e3bea32adf4"
  integrity sha512-GvZs4vU3U5ro2nZpeiwyb0zuFaqb9sUiAJuyrWpcGouD8y9/HLgGbNRjIph7zU9D3hnPaisMl9zG9CgFi/biIg==

playwright@1.55.0:
  version "1.55.0"
  resolved "https://registry.yarnpkg.com/playwright/-/playwright-1.55.0.tgz#7aca7ac3ffd9e083a8ad8b2514d6f9ba401cc78b"
  integrity sha512-sdCWStblvV1YU909Xqx0DhOjPZE4/5lJsIS84IfN9dAZfcl/CIZ5O8l3o0j7hPMjDvqoTF8ZUcc+i/GL5erstA==
  dependencies:
    playwright-core "1.55.0"
  optionalDependencies:
    fsevents "2.3.2"

undici-types@~7.10.0:
  version "7.10.0"
  resolved "https://registry.yarnpkg.com/undici-types/-/undici-types-7.10.0.tgz#4ac2e058ce56b462b056e629cc6a02393d3ff350"
  integrity sha512-t5Fy/nfn+14LuOc2KNYg75vZqClpAiqscVvMygNnlsHBFpSXdJaYtXMcdNLpl/Qvc3P2cB3s6lOV51nqsFq4ag==
